
Microsoft Visual Studio Solution File, Format Version 12.00
# Visual Studio Version 17
VisualStudioVersion = 17.9.34902.65
MinimumVisualStudioVersion = 10.0.40219.1
Project("{FAE04EC0-301F-11D3-BF4B-00C04F79EFBC}") = "Assignment 7.3  Search in a Binary Tree", "Assignment 7.3  Search in a Binary Tree.csproj", "{F1FB1933-F17F-4C0A-AC7E-142A917CFDB3}"
EndProject
Global
	GlobalSection(SolutionConfigurationPlatforms) = preSolution
		Debug|Any CPU = Debug|Any CPU
		Release|Any CPU = Release|Any CPU
	EndGlobalSection
	GlobalSection(ProjectConfigurationPlatforms) = postSolution
		{F1FB1933-F17F-4C0A-AC7E-142A917CFDB3}.Debug|Any CPU.ActiveCfg = Debug|Any CPU
		{F1FB1933-F17F-4C0A-AC7E-142A917CFDB3}.Debug|Any CPU.Build.0 = Debug|Any CPU
		{F1FB1933-F17F-4C0A-AC7E-142A917CFDB3}.Release|Any CPU.ActiveCfg = Release|Any CPU
		{F1FB1933-F17F-4C0A-AC7E-142A917CFDB3}.Release|Any CPU.Build.0 = Release|Any CPU
	EndGlobalSection
	GlobalSection(SolutionProperties) = preSolution
		HideSolutionNode = FALSE
	EndGlobalSection
	GlobalSection(ExtensibilityGlobals) = postSolution
		SolutionGuid = {E6E04116-2200-451C-B1D0-5D592A3578BF}
	EndGlobalSection
EndGlobal
